// !$*UTF8*$!
{
	archiveVersion = 1;
	classes = {
	};
	objectVersion = 48;
	objects = {

/* Begin PBXBuildFile section */
		E216EDD51FD4B8A30048BBE8 /* ProfileVC.swift in Sources */ = {isa = PBXBuildFile; fileRef = E216EDD41FD4B8A30048BBE8 /* ProfileVC.swift */; };
		E216EDDD1FD4F11A0048BBE8 /* UITextViewPlaceholder.swift in Sources */ = {isa = PBXBuildFile; fileRef = E216EDDC1FD4F11A0048BBE8 /* UITextViewPlaceholder.swift */; };
		E216EDE11FD4FC560048BBE8 /* TitleCell.swift in Sources */ = {isa = PBXBuildFile; fileRef = E216EDE01FD4FC560048BBE8 /* TitleCell.swift */; };
		E216EDE31FD4FC720048BBE8 /* DateCell.swift in Sources */ = {isa = PBXBuildFile; fileRef = E216EDE21FD4FC720048BBE8 /* DateCell.swift */; };
		E216EDE51FD4FCB30048BBE8 /* AdditionCell.swift in Sources */ = {isa = PBXBuildFile; fileRef = E216EDE41FD4FCB30048BBE8 /* AdditionCell.swift */; };
		E216EDE71FD4FCF30048BBE8 /* NotesCell.swift in Sources */ = {isa = PBXBuildFile; fileRef = E216EDE61FD4FCF30048BBE8 /* NotesCell.swift */; };
		E216EDF11FD50C270048BBE8 /* TPKeyboardAvoidingCollectionView.m in Sources */ = {isa = PBXBuildFile; fileRef = E216EDEA1FD50C270048BBE8 /* TPKeyboardAvoidingCollectionView.m */; };
		E216EDF21FD50C270048BBE8 /* TPKeyboardAvoidingScrollView.m in Sources */ = {isa = PBXBuildFile; fileRef = E216EDEC1FD50C270048BBE8 /* TPKeyboardAvoidingScrollView.m */; };
		E216EDF31FD50C270048BBE8 /* TPKeyboardAvoidingTableView.m in Sources */ = {isa = PBXBuildFile; fileRef = E216EDEE1FD50C270048BBE8 /* TPKeyboardAvoidingTableView.m */; };
		E216EDF41FD50C270048BBE8 /* UIScrollView+TPKeyboardAvoidingAdditions.m in Sources */ = {isa = PBXBuildFile; fileRef = E216EDF01FD50C270048BBE8 /* UIScrollView+TPKeyboardAvoidingAdditions.m */; };
		E21F005B1FD2053100FB19DA /* SideMenuCell.swift in Sources */ = {isa = PBXBuildFile; fileRef = E21F005A1FD2053100FB19DA /* SideMenuCell.swift */; };
		E226F6151FCCB9E8008C0C19 /* AppDelegate.swift in Sources */ = {isa = PBXBuildFile; fileRef = E226F6141FCCB9E8008C0C19 /* AppDelegate.swift */; };
		E226F61C1FCCB9E8008C0C19 /* Main.storyboard in Resources */ = {isa = PBXBuildFile; fileRef = E226F61A1FCCB9E8008C0C19 /* Main.storyboard */; };
		E226F61E1FCCB9E8008C0C19 /* Assets.xcassets in Resources */ = {isa = PBXBuildFile; fileRef = E226F61D1FCCB9E8008C0C19 /* Assets.xcassets */; };
		E226F6211FCCB9E8008C0C19 /* LaunchScreen.storyboard in Resources */ = {isa = PBXBuildFile; fileRef = E226F61F1FCCB9E8008C0C19 /* LaunchScreen.storyboard */; };
		E226F62B1FCD24B2008C0C19 /* Extension.swift in Sources */ = {isa = PBXBuildFile; fileRef = E226F62A1FCD24B2008C0C19 /* Extension.swift */; };
		E226F62D1FCD25C0008C0C19 /* Constant.swift in Sources */ = {isa = PBXBuildFile; fileRef = E226F62C1FCD25C0008C0C19 /* Constant.swift */; };
		E226F62F1FCD408D008C0C19 /* CalendarVC.swift in Sources */ = {isa = PBXBuildFile; fileRef = E226F62E1FCD408D008C0C19 /* CalendarVC.swift */; };
		E226F6311FCD40A7008C0C19 /* CreateNewAppointmentVC.swift in Sources */ = {isa = PBXBuildFile; fileRef = E226F6301FCD40A7008C0C19 /* CreateNewAppointmentVC.swift */; };
		E226F6331FCD40D1008C0C19 /* MessageVC.swift in Sources */ = {isa = PBXBuildFile; fileRef = E226F6321FCD40D1008C0C19 /* MessageVC.swift */; };
		E226F6351FCD4104008C0C19 /* ContactsVC.swift in Sources */ = {isa = PBXBuildFile; fileRef = E226F6341FCD4104008C0C19 /* ContactsVC.swift */; };
		E22957B81FD284AB00F58865 /* ContactsTVCell.swift in Sources */ = {isa = PBXBuildFile; fileRef = E22957B71FD284AB00F58865 /* ContactsTVCell.swift */; };
		E22957BA1FD284DD00F58865 /* MessageTVCell.swift in Sources */ = {isa = PBXBuildFile; fileRef = E22957B91FD284DD00F58865 /* MessageTVCell.swift */; };
		E22957BC1FD2942000F58865 /* SomeonesAppointmentListVC.swift in Sources */ = {isa = PBXBuildFile; fileRef = E22957BB1FD2942000F58865 /* SomeonesAppointmentListVC.swift */; };
		E22957BE1FD2945100F58865 /* AppointmentDetailVC.swift in Sources */ = {isa = PBXBuildFile; fileRef = E22957BD1FD2945100F58865 /* AppointmentDetailVC.swift */; };
		E22957C01FD2991900F58865 /* AppointmentListTVCell.swift in Sources */ = {isa = PBXBuildFile; fileRef = E22957BF1FD2991900F58865 /* AppointmentListTVCell.swift */; };
		E22957C41FD3397B00F58865 /* AppointmentTitleCell.swift in Sources */ = {isa = PBXBuildFile; fileRef = E22957C31FD3397B00F58865 /* AppointmentTitleCell.swift */; };
		E22957C61FD3398E00F58865 /* AppointmentTimeCell.swift in Sources */ = {isa = PBXBuildFile; fileRef = E22957C51FD3398E00F58865 /* AppointmentTimeCell.swift */; };
		E22957C81FD339B600F58865 /* AppointmentAddressCell.swift in Sources */ = {isa = PBXBuildFile; fileRef = E22957C71FD339B600F58865 /* AppointmentAddressCell.swift */; };
		E22957CA1FD339C900F58865 /* AppointmentStatusCell.swift in Sources */ = {isa = PBXBuildFile; fileRef = E22957C91FD339C900F58865 /* AppointmentStatusCell.swift */; };
		E2589D5D1FD4848600FA5716 /* AppointmentAcceptCell.swift in Sources */ = {isa = PBXBuildFile; fileRef = E2589D5C1FD4848600FA5716 /* AppointmentAcceptCell.swift */; };
		E28CB1DF1FCF143700567F76 /* PhoneNumInputVC.swift in Sources */ = {isa = PBXBuildFile; fileRef = E28CB1DE1FCF143700567F76 /* PhoneNumInputVC.swift */; };
		E2F9D9341FCFE968005B837C /* VerificationCodeVC.swift in Sources */ = {isa = PBXBuildFile; fileRef = E2F9D9331FCFE968005B837C /* VerificationCodeVC.swift */; };
		E2F9D93A1FD00557005B837C /* Handy.swift in Sources */ = {isa = PBXBuildFile; fileRef = E2F9D9391FD00557005B837C /* Handy.swift */; };
		E2FA40291FD1E3A6006FC733 /* TabBarViewController.swift in Sources */ = {isa = PBXBuildFile; fileRef = E2FA40281FD1E3A5006FC733 /* TabBarViewController.swift */; };
		E2FA402B1FD1F84A006FC733 /* SideMenuTableViewController.swift in Sources */ = {isa = PBXBuildFile; fileRef = E2FA402A1FD1F84A006FC733 /* SideMenuTableViewController.swift */; };
		F81ABAFF44A114D2E63D5291 /* Pods_Duuly.framework in Frameworks */ = {isa = PBXBuildFile; fileRef = E51FE296AA0ABC25979E3917 /* Pods_Duuly.framework */; };
/* End PBXBuildFile section */

/* Begin PBXFileReference section */
		DCB89BB7F46DC3E82AA3A086 /* Pods-Duuly.release.xcconfig */ = {isa = PBXFileReference; includeInIndex = 1; lastKnownFileType = text.xcconfig; name = "Pods-Duuly.release.xcconfig"; path = "Pods/Target Support Files/Pods-Duuly/Pods-Duuly.release.xcconfig"; sourceTree = "<group>"; };
		E216EDD41FD4B8A30048BBE8 /* ProfileVC.swift */ = {isa = PBXFileReference; lastKnownFileType = sourcecode.swift; path = ProfileVC.swift; sourceTree = "<group>"; };
		E216EDDC1FD4F11A0048BBE8 /* UITextViewPlaceholder.swift */ = {isa = PBXFileReference; fileEncoding = 4; lastKnownFileType = sourcecode.swift; path = UITextViewPlaceholder.swift; sourceTree = "<group>"; };
		E216EDE01FD4FC560048BBE8 /* TitleCell.swift */ = {isa = PBXFileReference; lastKnownFileType = sourcecode.swift; path = TitleCell.swift; sourceTree = "<group>"; };
		E216EDE21FD4FC720048BBE8 /* DateCell.swift */ = {isa = PBXFileReference; lastKnownFileType = sourcecode.swift; path = DateCell.swift; sourceTree = "<group>"; };
		E216EDE41FD4FCB30048BBE8 /* AdditionCell.swift */ = {isa = PBXFileReference; lastKnownFileType = sourcecode.swift; path = AdditionCell.swift; sourceTree = "<group>"; };
		E216EDE61FD4FCF30048BBE8 /* NotesCell.swift */ = {isa = PBXFileReference; lastKnownFileType = sourcecode.swift; path = NotesCell.swift; sourceTree = "<group>"; };
		E216EDE91FD50C270048BBE8 /* TPKeyboardAvoidingCollectionView.h */ = {isa = PBXFileReference; fileEncoding = 4; lastKnownFileType = sourcecode.c.h; path = TPKeyboardAvoidingCollectionView.h; sourceTree = "<group>"; };
		E216EDEA1FD50C270048BBE8 /* TPKeyboardAvoidingCollectionView.m */ = {isa = PBXFileReference; fileEncoding = 4; lastKnownFileType = sourcecode.c.objc; path = TPKeyboardAvoidingCollectionView.m; sourceTree = "<group>"; };
		E216EDEB1FD50C270048BBE8 /* TPKeyboardAvoidingScrollView.h */ = {isa = PBXFileReference; fileEncoding = 4; lastKnownFileType = sourcecode.c.h; path = TPKeyboardAvoidingScrollView.h; sourceTree = "<group>"; };
		E216EDEC1FD50C270048BBE8 /* TPKeyboardAvoidingScrollView.m */ = {isa = PBXFileReference; fileEncoding = 4; lastKnownFileType = sourcecode.c.objc; path = TPKeyboardAvoidingScrollView.m; sourceTree = "<group>"; };
		E216EDED1FD50C270048BBE8 /* TPKeyboardAvoidingTableView.h */ = {isa = PBXFileReference; fileEncoding = 4; lastKnownFileType = sourcecode.c.h; path = TPKeyboardAvoidingTableView.h; sourceTree = "<group>"; };
		E216EDEE1FD50C270048BBE8 /* TPKeyboardAvoidingTableView.m */ = {isa = PBXFileReference; fileEncoding = 4; lastKnownFileType = sourcecode.c.objc; path = TPKeyboardAvoidingTableView.m; sourceTree = "<group>"; };
		E216EDEF1FD50C270048BBE8 /* UIScrollView+TPKeyboardAvoidingAdditions.h */ = {isa = PBXFileReference; fileEncoding = 4; lastKnownFileType = sourcecode.c.h; path = "UIScrollView+TPKeyboardAvoidingAdditions.h"; sourceTree = "<group>"; };
		E216EDF01FD50C270048BBE8 /* UIScrollView+TPKeyboardAvoidingAdditions.m */ = {isa = PBXFileReference; fileEncoding = 4; lastKnownFileType = sourcecode.c.objc; path = "UIScrollView+TPKeyboardAvoidingAdditions.m"; sourceTree = "<group>"; };
		E21F005A1FD2053100FB19DA /* SideMenuCell.swift */ = {isa = PBXFileReference; fileEncoding = 4; lastKnownFileType = sourcecode.swift; path = SideMenuCell.swift; sourceTree = "<group>"; };
		E226F6111FCCB9E8008C0C19 /* Duuly.app */ = {isa = PBXFileReference; explicitFileType = wrapper.application; includeInIndex = 0; path = Duuly.app; sourceTree = BUILT_PRODUCTS_DIR; };
		E226F6141FCCB9E8008C0C19 /* AppDelegate.swift */ = {isa = PBXFileReference; lastKnownFileType = sourcecode.swift; path = AppDelegate.swift; sourceTree = "<group>"; };
		E226F61B1FCCB9E8008C0C19 /* Base */ = {isa = PBXFileReference; lastKnownFileType = file.storyboard; name = Base; path = Base.lproj/Main.storyboard; sourceTree = "<group>"; };
		E226F61D1FCCB9E8008C0C19 /* Assets.xcassets */ = {isa = PBXFileReference; lastKnownFileType = folder.assetcatalog; path = Assets.xcassets; sourceTree = "<group>"; };
		E226F6201FCCB9E8008C0C19 /* Base */ = {isa = PBXFileReference; lastKnownFileType = file.storyboard; name = Base; path = Base.lproj/LaunchScreen.storyboard; sourceTree = "<group>"; };
		E226F6221FCCB9E8008C0C19 /* Info.plist */ = {isa = PBXFileReference; lastKnownFileType = text.plist.xml; path = Info.plist; sourceTree = "<group>"; };
		E226F62A1FCD24B2008C0C19 /* Extension.swift */ = {isa = PBXFileReference; lastKnownFileType = sourcecode.swift; path = Extension.swift; sourceTree = "<group>"; };
		E226F62C1FCD25C0008C0C19 /* Constant.swift */ = {isa = PBXFileReference; lastKnownFileType = sourcecode.swift; path = Constant.swift; sourceTree = "<group>"; };
		E226F62E1FCD408D008C0C19 /* CalendarVC.swift */ = {isa = PBXFileReference; lastKnownFileType = sourcecode.swift; path = CalendarVC.swift; sourceTree = "<group>"; };
		E226F6301FCD40A7008C0C19 /* CreateNewAppointmentVC.swift */ = {isa = PBXFileReference; lastKnownFileType = sourcecode.swift; path = CreateNewAppointmentVC.swift; sourceTree = "<group>"; };
		E226F6321FCD40D1008C0C19 /* MessageVC.swift */ = {isa = PBXFileReference; lastKnownFileType = sourcecode.swift; path = MessageVC.swift; sourceTree = "<group>"; };
		E226F6341FCD4104008C0C19 /* ContactsVC.swift */ = {isa = PBXFileReference; lastKnownFileType = sourcecode.swift; path = ContactsVC.swift; sourceTree = "<group>"; };
		E22957B71FD284AB00F58865 /* ContactsTVCell.swift */ = {isa = PBXFileReference; lastKnownFileType = sourcecode.swift; path = ContactsTVCell.swift; sourceTree = "<group>"; };
		E22957B91FD284DD00F58865 /* MessageTVCell.swift */ = {isa = PBXFileReference; lastKnownFileType = sourcecode.swift; path = MessageTVCell.swift; sourceTree = "<group>"; };
		E22957BB1FD2942000F58865 /* SomeonesAppointmentListVC.swift */ = {isa = PBXFileReference; lastKnownFileType = sourcecode.swift; path = SomeonesAppointmentListVC.swift; sourceTree = "<group>"; };
		E22957BD1FD2945100F58865 /* AppointmentDetailVC.swift */ = {isa = PBXFileReference; lastKnownFileType = sourcecode.swift; path = AppointmentDetailVC.swift; sourceTree = "<group>"; };
		E22957BF1FD2991900F58865 /* AppointmentListTVCell.swift */ = {isa = PBXFileReference; lastKnownFileType = sourcecode.swift; path = AppointmentListTVCell.swift; sourceTree = "<group>"; };
		E22957C31FD3397B00F58865 /* AppointmentTitleCell.swift */ = {isa = PBXFileReference; lastKnownFileType = sourcecode.swift; path = AppointmentTitleCell.swift; sourceTree = "<group>"; };
		E22957C51FD3398E00F58865 /* AppointmentTimeCell.swift */ = {isa = PBXFileReference; lastKnownFileType = sourcecode.swift; path = AppointmentTimeCell.swift; sourceTree = "<group>"; };
		E22957C71FD339B600F58865 /* AppointmentAddressCell.swift */ = {isa = PBXFileReference; lastKnownFileType = sourcecode.swift; path = AppointmentAddressCell.swift; sourceTree = "<group>"; };
		E22957C91FD339C900F58865 /* AppointmentStatusCell.swift */ = {isa = PBXFileReference; lastKnownFileType = sourcecode.swift; path = AppointmentStatusCell.swift; sourceTree = "<group>"; };
		E2589D5C1FD4848600FA5716 /* AppointmentAcceptCell.swift */ = {isa = PBXFileReference; lastKnownFileType = sourcecode.swift; path = AppointmentAcceptCell.swift; sourceTree = "<group>"; };
		E28CB1DD1FCEB5D900567F76 /* Duuly.entitlements */ = {isa = PBXFileReference; lastKnownFileType = text.plist.entitlements; path = Duuly.entitlements; sourceTree = "<group>"; };
		E28CB1DE1FCF143700567F76 /* PhoneNumInputVC.swift */ = {isa = PBXFileReference; lastKnownFileType = sourcecode.swift; path = PhoneNumInputVC.swift; sourceTree = "<group>"; };
		E2F9D9331FCFE968005B837C /* VerificationCodeVC.swift */ = {isa = PBXFileReference; lastKnownFileType = sourcecode.swift; path = VerificationCodeVC.swift; sourceTree = "<group>"; };
		E2F9D9391FD00557005B837C /* Handy.swift */ = {isa = PBXFileReference; fileEncoding = 4; lastKnownFileType = sourcecode.swift; path = Handy.swift; sourceTree = "<group>"; };
		E2F9D93B1FD01585005B837C /* Duuly-Bridging-Header.h */ = {isa = PBXFileReference; lastKnownFileType = sourcecode.c.h; path = "Duuly-Bridging-Header.h"; sourceTree = "<group>"; };
		E2FA40281FD1E3A5006FC733 /* TabBarViewController.swift */ = {isa = PBXFileReference; fileEncoding = 4; lastKnownFileType = sourcecode.swift; path = TabBarViewController.swift; sourceTree = "<group>"; };
		E2FA402A1FD1F84A006FC733 /* SideMenuTableViewController.swift */ = {isa = PBXFileReference; fileEncoding = 4; lastKnownFileType = sourcecode.swift; path = SideMenuTableViewController.swift; sourceTree = "<group>"; };
		E51FE296AA0ABC25979E3917 /* Pods_Duuly.framework */ = {isa = PBXFileReference; explicitFileType = wrapper.framework; includeInIndex = 0; path = Pods_Duuly.framework; sourceTree = BUILT_PRODUCTS_DIR; };
		FC6DE012AACA4154B926948F /* Pods-Duuly.debug.xcconfig */ = {isa = PBXFileReference; includeInIndex = 1; lastKnownFileType = text.xcconfig; name = "Pods-Duuly.debug.xcconfig"; path = "Pods/Target Support Files/Pods-Duuly/Pods-Duuly.debug.xcconfig"; sourceTree = "<group>"; };
/* End PBXFileReference section */

/* Begin PBXFrameworksBuildPhase section */
		E226F60E1FCCB9E8008C0C19 /* Frameworks */ = {
			isa = PBXFrameworksBuildPhase;
			buildActionMask = 2147483647;
			files = (
				F81ABAFF44A114D2E63D5291 /* Pods_Duuly.framework in Frameworks */,
			);
			runOnlyForDeploymentPostprocessing = 0;
		};
/* End PBXFrameworksBuildPhase section */

/* Begin PBXGroup section */
		707749D6657B313F6352806B /* Pods */ = {
			isa = PBXGroup;
			children = (
				FC6DE012AACA4154B926948F /* Pods-Duuly.debug.xcconfig */,
				DCB89BB7F46DC3E82AA3A086 /* Pods-Duuly.release.xcconfig */,
			);
			name = Pods;
			sourceTree = "<group>";
		};
		E216EDD61FD4C44E0048BBE8 /* Contacts */ = {
			isa = PBXGroup;
			children = (
				E226F6341FCD4104008C0C19 /* ContactsVC.swift */,
				E22957BB1FD2942000F58865 /* SomeonesAppointmentListVC.swift */,
				E22957BD1FD2945100F58865 /* AppointmentDetailVC.swift */,
			);
			path = Contacts;
			sourceTree = "<group>";
		};
		E216EDD71FD4C4670048BBE8 /* Calendar */ = {
			isa = PBXGroup;
			children = (
				E226F62E1FCD408D008C0C19 /* CalendarVC.swift */,
				E226F6301FCD40A7008C0C19 /* CreateNewAppointmentVC.swift */,
			);
			path = Calendar;
			sourceTree = "<group>";
		};
		E216EDD81FD4C48C0048BBE8 /* PhoneAuth */ = {
			isa = PBXGroup;
			children = (
				E28CB1DE1FCF143700567F76 /* PhoneNumInputVC.swift */,
				E2F9D9331FCFE968005B837C /* VerificationCodeVC.swift */,
			);
			path = PhoneAuth;
			sourceTree = "<group>";
		};
		E216EDD91FD4C4A80048BBE8 /* SideMenu */ = {
			isa = PBXGroup;
			children = (
				E2FA40281FD1E3A5006FC733 /* TabBarViewController.swift */,
				E2FA402A1FD1F84A006FC733 /* SideMenuTableViewController.swift */,
				E216EDD41FD4B8A30048BBE8 /* ProfileVC.swift */,
			);
			path = SideMenu;
			sourceTree = "<group>";
		};
		E216EDDA1FD4C4EB0048BBE8 /* Message */ = {
			isa = PBXGroup;
			children = (
				E226F6321FCD40D1008C0C19 /* MessageVC.swift */,
			);
			path = Message;
			sourceTree = "<group>";
		};
		E216EDDB1FD4F0E50048BBE8 /* 3rdParty */ = {
			isa = PBXGroup;
			children = (
				E216EDE81FD50C270048BBE8 /* TPKeyboardAvoiding */,
				E216EDDC1FD4F11A0048BBE8 /* UITextViewPlaceholder.swift */,
			);
			path = 3rdParty;
			sourceTree = "<group>";
		};
		E216EDDE1FD4F3360048BBE8 /* NewAppointment */ = {
			isa = PBXGroup;
			children = (
				E216EDE01FD4FC560048BBE8 /* TitleCell.swift */,
				E216EDE21FD4FC720048BBE8 /* DateCell.swift */,
				E216EDE41FD4FCB30048BBE8 /* AdditionCell.swift */,
				E216EDE61FD4FCF30048BBE8 /* NotesCell.swift */,
			);
			path = NewAppointment;
			sourceTree = "<group>";
		};
		E216EDDF1FD4F34E0048BBE8 /* AppointmentDetail */ = {
			isa = PBXGroup;
			children = (
				E22957BF1FD2991900F58865 /* AppointmentListTVCell.swift */,
				E22957C31FD3397B00F58865 /* AppointmentTitleCell.swift */,
				E22957C51FD3398E00F58865 /* AppointmentTimeCell.swift */,
				E22957C71FD339B600F58865 /* AppointmentAddressCell.swift */,
				E22957C91FD339C900F58865 /* AppointmentStatusCell.swift */,
				E2589D5C1FD4848600FA5716 /* AppointmentAcceptCell.swift */,
			);
			path = AppointmentDetail;
			sourceTree = "<group>";
		};
		E216EDE81FD50C270048BBE8 /* TPKeyboardAvoiding */ = {
			isa = PBXGroup;
			children = (
				E216EDE91FD50C270048BBE8 /* TPKeyboardAvoidingCollectionView.h */,
				E216EDEA1FD50C270048BBE8 /* TPKeyboardAvoidingCollectionView.m */,
				E216EDEB1FD50C270048BBE8 /* TPKeyboardAvoidingScrollView.h */,
				E216EDEC1FD50C270048BBE8 /* TPKeyboardAvoidingScrollView.m */,
				E216EDED1FD50C270048BBE8 /* TPKeyboardAvoidingTableView.h */,
				E216EDEE1FD50C270048BBE8 /* TPKeyboardAvoidingTableView.m */,
				E216EDEF1FD50C270048BBE8 /* UIScrollView+TPKeyboardAvoidingAdditions.h */,
				E216EDF01FD50C270048BBE8 /* UIScrollView+TPKeyboardAvoidingAdditions.m */,
			);
			path = TPKeyboardAvoiding;
			sourceTree = "<group>";
		};
		E21F00591FD2051600FB19DA /* Cell */ = {
			isa = PBXGroup;
			children = (
				E216EDDF1FD4F34E0048BBE8 /* AppointmentDetail */,
				E216EDDE1FD4F3360048BBE8 /* NewAppointment */,
				E21F005A1FD2053100FB19DA /* SideMenuCell.swift */,
				E22957B71FD284AB00F58865 /* ContactsTVCell.swift */,
				E22957B91FD284DD00F58865 /* MessageTVCell.swift */,
			);
			path = Cell;
			sourceTree = "<group>";
		};
		E226F6081FCCB9E8008C0C19 = {
			isa = PBXGroup;
			children = (
				E2F9D93B1FD01585005B837C /* Duuly-Bridging-Header.h */,
				E226F6131FCCB9E8008C0C19 /* Duuly */,
				E226F6121FCCB9E8008C0C19 /* Products */,
				707749D6657B313F6352806B /* Pods */,
				E5A312318DA79C47A62EEBAF /* Frameworks */,
			);
			sourceTree = "<group>";
		};
		E226F6121FCCB9E8008C0C19 /* Products */ = {
			isa = PBXGroup;
			children = (
				E226F6111FCCB9E8008C0C19 /* Duuly.app */,
			);
			name = Products;
			sourceTree = "<group>";
		};
		E226F6131FCCB9E8008C0C19 /* Duuly */ = {
			isa = PBXGroup;
			children = (
				E226F6141FCCB9E8008C0C19 /* AppDelegate.swift */,
				E226F6361FCDC8BC008C0C19 /* Model */,
				E226F6371FCDC8C1008C0C19 /* Controller */,
				E21F00591FD2051600FB19DA /* Cell */,
				E216EDDB1FD4F0E50048BBE8 /* 3rdParty */,
				E226F61A1FCCB9E8008C0C19 /* Main.storyboard */,
				E226F61D1FCCB9E8008C0C19 /* Assets.xcassets */,
				E226F61F1FCCB9E8008C0C19 /* LaunchScreen.storyboard */,
				E226F6221FCCB9E8008C0C19 /* Info.plist */,
				E28CB1DD1FCEB5D900567F76 /* Duuly.entitlements */,
			);
			path = Duuly;
			sourceTree = "<group>";
		};
		E226F6361FCDC8BC008C0C19 /* Model */ = {
			isa = PBXGroup;
			children = (
				E2F9D9391FD00557005B837C /* Handy.swift */,
				E226F62A1FCD24B2008C0C19 /* Extension.swift */,
				E226F62C1FCD25C0008C0C19 /* Constant.swift */,
			);
			path = Model;
			sourceTree = "<group>";
		};
		E226F6371FCDC8C1008C0C19 /* Controller */ = {
			isa = PBXGroup;
			children = (
				E216EDD81FD4C48C0048BBE8 /* PhoneAuth */,
				E216EDD71FD4C4670048BBE8 /* Calendar */,
				E216EDDA1FD4C4EB0048BBE8 /* Message */,
				E216EDD61FD4C44E0048BBE8 /* Contacts */,
				E216EDD91FD4C4A80048BBE8 /* SideMenu */,
			);
			path = Controller;
			sourceTree = "<group>";
		};
		E5A312318DA79C47A62EEBAF /* Frameworks */ = {
			isa = PBXGroup;
			children = (
				E51FE296AA0ABC25979E3917 /* Pods_Duuly.framework */,
			);
			name = Frameworks;
			sourceTree = "<group>";
		};
/* End PBXGroup section */

/* Begin PBXNativeTarget section */
		E226F6101FCCB9E8008C0C19 /* Duuly */ = {
			isa = PBXNativeTarget;
			buildConfigurationList = E226F6251FCCB9E8008C0C19 /* Build configuration list for PBXNativeTarget "Duuly" */;
			buildPhases = (
				AF0A5D230D23C22810C69E39 /* [CP] Check Pods Manifest.lock */,
				E226F60D1FCCB9E8008C0C19 /* Sources */,
				E226F60E1FCCB9E8008C0C19 /* Frameworks */,
				E226F60F1FCCB9E8008C0C19 /* Resources */,
				CFB78AC56701D56BFD63D179 /* [CP] Embed Pods Frameworks */,
				1E683E2613BBA53AF7E74F96 /* [CP] Copy Pods Resources */,
			);
			buildRules = (
			);
			dependencies = (
			);
			name = Duuly;
			productName = Duuly;
			productReference = E226F6111FCCB9E8008C0C19 /* Duuly.app */;
			productType = "com.apple.product-type.application";
		};
/* End PBXNativeTarget section */

/* Begin PBXProject section */
		E226F6091FCCB9E8008C0C19 /* Project object */ = {
			isa = PBXProject;
			attributes = {
				LastSwiftUpdateCheck = 0910;
				LastUpgradeCheck = 0910;
				ORGANIZATIONNAME = Mobilloper;
				TargetAttributes = {
					E226F6101FCCB9E8008C0C19 = {
						CreatedOnToolsVersion = 9.1;
						ProvisioningStyle = Automatic;
						SystemCapabilities = {
							com.apple.Push = {
								enabled = 1;
							};
						};
					};
				};
			};
			buildConfigurationList = E226F60C1FCCB9E8008C0C19 /* Build configuration list for PBXProject "Duuly" */;
			compatibilityVersion = "Xcode 8.0";
			developmentRegion = en;
			hasScannedForEncodings = 0;
			knownRegions = (
				en,
				Base,
			);
			mainGroup = E226F6081FCCB9E8008C0C19;
			productRefGroup = E226F6121FCCB9E8008C0C19 /* Products */;
			projectDirPath = "";
			projectRoot = "";
			targets = (
				E226F6101FCCB9E8008C0C19 /* Duuly */,
			);
		};
/* End PBXProject section */

/* Begin PBXResourcesBuildPhase section */
		E226F60F1FCCB9E8008C0C19 /* Resources */ = {
			isa = PBXResourcesBuildPhase;
			buildActionMask = 2147483647;
			files = (
				E226F6211FCCB9E8008C0C19 /* LaunchScreen.storyboard in Resources */,
				E226F61E1FCCB9E8008C0C19 /* Assets.xcassets in Resources */,
				E226F61C1FCCB9E8008C0C19 /* Main.storyboard in Resources */,
			);
			runOnlyForDeploymentPostprocessing = 0;
		};
/* End PBXResourcesBuildPhase section */

/* Begin PBXShellScriptBuildPhase section */
		1E683E2613BBA53AF7E74F96 /* [CP] Copy Pods Resources */ = {
			isa = PBXShellScriptBuildPhase;
			buildActionMask = 2147483647;
			files = (
			);
			inputPaths = (
				"${SRCROOT}/Pods/Target Support Files/Pods-Duuly/Pods-Duuly-resources.sh",
				$PODS_CONFIGURATION_BUILD_DIR/FirebaseUI/FirebaseAuthUI.bundle,
				$PODS_CONFIGURATION_BUILD_DIR/FirebaseUI/FirebasePhoneAuthUI.bundle,
			);
			name = "[CP] Copy Pods Resources";
			outputPaths = (
				"${TARGET_BUILD_DIR}/${UNLOCALIZED_RESOURCES_FOLDER_PATH}",
			);
			runOnlyForDeploymentPostprocessing = 0;
			shellPath = /bin/sh;
			shellScript = "\"${SRCROOT}/Pods/Target Support Files/Pods-Duuly/Pods-Duuly-resources.sh\"\n";
			showEnvVarsInLog = 0;
		};
		AF0A5D230D23C22810C69E39 /* [CP] Check Pods Manifest.lock */ = {
			isa = PBXShellScriptBuildPhase;
			buildActionMask = 2147483647;
			files = (
			);
			inputPaths = (
				"${PODS_PODFILE_DIR_PATH}/Podfile.lock",
				"${PODS_ROOT}/Manifest.lock",
			);
			name = "[CP] Check Pods Manifest.lock";
			outputPaths = (
				"$(DERIVED_FILE_DIR)/Pods-Duuly-checkManifestLockResult.txt",
			);
			runOnlyForDeploymentPostprocessing = 0;
			shellPath = /bin/sh;
			shellScript = "diff \"${PODS_PODFILE_DIR_PATH}/Podfile.lock\" \"${PODS_ROOT}/Manifest.lock\" > /dev/null\nif [ $? != 0 ] ; then\n    # print error to STDERR\n    echo \"error: The sandbox is not in sync with the Podfile.lock. Run 'pod install' or update your CocoaPods installation.\" >&2\n    exit 1\nfi\n# This output is used by Xcode 'outputs' to avoid re-running this script phase.\necho \"SUCCESS\" > \"${SCRIPT_OUTPUT_FILE_0}\"\n";
			showEnvVarsInLog = 0;
		};
		CFB78AC56701D56BFD63D179 /* [CP] Embed Pods Frameworks */ = {
			isa = PBXShellScriptBuildPhase;
			buildActionMask = 2147483647;
			files = (
			);
			inputPaths = (
				"${SRCROOT}/Pods/Target Support Files/Pods-Duuly/Pods-Duuly-frameworks.sh",
				"${BUILT_PRODUCTS_DIR}/ATHMultiSelectionSegmentedControl/ATHMultiSelectionSegmentedControl.framework",
				"${BUILT_PRODUCTS_DIR}/CountryList/CountryList.framework",
				"${BUILT_PRODUCTS_DIR}/FSCalendar/FSCalendar.framework",
				"${BUILT_PRODUCTS_DIR}/GTMSessionFetcher/GTMSessionFetcher.framework",
				"${BUILT_PRODUCTS_DIR}/GoogleToolboxForMac/GoogleToolboxForMac.framework",
				"${BUILT_PRODUCTS_DIR}/SideMenu/SideMenu.framework",
				"${BUILT_PRODUCTS_DIR}/nanopb/nanopb.framework",
			);
			name = "[CP] Embed Pods Frameworks";
			outputPaths = (
				"${TARGET_BUILD_DIR}/${FRAMEWORKS_FOLDER_PATH}/ATHMultiSelectionSegmentedControl.framework",
				"${TARGET_BUILD_DIR}/${FRAMEWORKS_FOLDER_PATH}/CountryList.framework",
				"${TARGET_BUILD_DIR}/${FRAMEWORKS_FOLDER_PATH}/FSCalendar.framework",
				"${TARGET_BUILD_DIR}/${FRAMEWORKS_FOLDER_PATH}/GTMSessionFetcher.framework",
				"${TARGET_BUILD_DIR}/${FRAMEWORKS_FOLDER_PATH}/GoogleToolboxForMac.framework",
				"${TARGET_BUILD_DIR}/${FRAMEWORKS_FOLDER_PATH}/SideMenu.framework",
				"${TARGET_BUILD_DIR}/${FRAMEWORKS_FOLDER_PATH}/nanopb.framework",
			);
			runOnlyForDeploymentPostprocessing = 0;
			shellPath = /bin/sh;
			shellScript = "\"${SRCROOT}/Pods/Target Support Files/Pods-Duuly/Pods-Duuly-frameworks.sh\"\n";
			showEnvVarsInLog = 0;
		};
/* End PBXShellScriptBuildPhase section */

/* Begin PBXSourcesBuildPhase section */
		E226F60D1FCCB9E8008C0C19 /* Sources */ = {
			isa = PBXSourcesBuildPhase;
			buildActionMask = 2147483647;
			files = (
				E22957C61FD3398E00F58865 /* AppointmentTimeCell.swift in Sources */,
				E216EDF31FD50C270048BBE8 /* TPKeyboardAvoidingTableView.m in Sources */,
				E216EDF21FD50C270048BBE8 /* TPKeyboardAvoidingScrollView.m in Sources */,
				E226F6331FCD40D1008C0C19 /* MessageVC.swift in Sources */,
				E22957CA1FD339C900F58865 /* AppointmentStatusCell.swift in Sources */,
				E22957BA1FD284DD00F58865 /* MessageTVCell.swift in Sources */,
				E216EDE31FD4FC720048BBE8 /* DateCell.swift in Sources */,
				E216EDE71FD4FCF30048BBE8 /* NotesCell.swift in Sources */,
				E22957BE1FD2945100F58865 /* AppointmentDetailVC.swift in Sources */,
				E226F6351FCD4104008C0C19 /* ContactsVC.swift in Sources */,
				E2FA40291FD1E3A6006FC733 /* TabBarViewController.swift in Sources */,
				E22957C01FD2991900F58865 /* AppointmentListTVCell.swift in Sources */,
				E216EDF11FD50C270048BBE8 /* TPKeyboardAvoidingCollectionView.m in Sources */,
				E216EDE51FD4FCB30048BBE8 /* AdditionCell.swift in Sources */,
				E22957C81FD339B600F58865 /* AppointmentAddressCell.swift in Sources */,
				E28CB1DF1FCF143700567F76 /* PhoneNumInputVC.swift in Sources */,
				E216EDF41FD50C270048BBE8 /* UIScrollView+TPKeyboardAvoidingAdditions.m in Sources */,
				E22957B81FD284AB00F58865 /* ContactsTVCell.swift in Sources */,
				E226F6151FCCB9E8008C0C19 /* AppDelegate.swift in Sources */,
				E216EDD51FD4B8A30048BBE8 /* ProfileVC.swift in Sources */,
				E22957C41FD3397B00F58865 /* AppointmentTitleCell.swift in Sources */,
				E22957BC1FD2942000F58865 /* SomeonesAppointmentListVC.swift in Sources */,
				E2F9D93A1FD00557005B837C /* Handy.swift in Sources */,
				E216EDE11FD4FC560048BBE8 /* TitleCell.swift in Sources */,
				E216EDDD1FD4F11A0048BBE8 /* UITextViewPlaceholder.swift in Sources */,
				E226F6311FCD40A7008C0C19 /* CreateNewAppointmentVC.swift in Sources */,
				E2FA402B1FD1F84A006FC733 /* SideMenuTableViewController.swift in Sources */,
				E21F005B1FD2053100FB19DA /* SideMenuCell.swift in Sources */,
				E226F62F1FCD408D008C0C19 /* CalendarVC.swift in Sources */,
				E2589D5D1FD4848600FA5716 /* AppointmentAcceptCell.swift in Sources */,
				E226F62D1FCD25C0008C0C19 /* Constant.swift in Sources */,
				E2F9D9341FCFE968005B837C /* VerificationCodeVC.swift in Sources */,
				E226F62B1FCD24B2008C0C19 /* Extension.swift in Sources */,
			);
			runOnlyForDeploymentPostprocessing = 0;
		};
/* End PBXSourcesBuildPhase section */

/* Begin PBXVariantGroup section */
		E226F61A1FCCB9E8008C0C19 /* Main.storyboard */ = {
			isa = PBXVariantGroup;
			children = (
				E226F61B1FCCB9E8008C0C19 /* Base */,
			);
			name = Main.storyboard;
			sourceTree = "<group>";
		};
		E226F61F1FCCB9E8008C0C19 /* LaunchScreen.storyboard */ = {
			isa = PBXVariantGroup;
			children = (
				E226F6201FCCB9E8008C0C19 /* Base */,
			);
			name = LaunchScreen.storyboard;
			sourceTree = "<group>";
		};
/* End PBXVariantGroup section */

/* Begin XCBuildConfiguration section */
		E226F6231FCCB9E8008C0C19 /* Debug */ = {
			isa = XCBuildConfiguration;
			buildSettings = {
				ALWAYS_SEARCH_USER_PATHS = NO;
				CLANG_ANALYZER_NONNULL = YES;
				CLANG_ANALYZER_NUMBER_OBJECT_CONVERSION = YES_AGGRESSIVE;
				CLANG_CXX_LANGUAGE_STANDARD = "gnu++14";
				CLANG_CXX_LIBRARY = "libc++";
				CLANG_ENABLE_MODULES = YES;
				CLANG_ENABLE_OBJC_ARC = YES;
				CLANG_WARN_BLOCK_CAPTURE_AUTORELEASING = YES;
				CLANG_WARN_BOOL_CONVERSION = YES;
				CLANG_WARN_COMMA = YES;
				CLANG_WARN_CONSTANT_CONVERSION = YES;
				CLANG_WARN_DIRECT_OBJC_ISA_USAGE = YES_ERROR;
				CLANG_WARN_DOCUMENTATION_COMMENTS = YES;
				CLANG_WARN_EMPTY_BODY = YES;
				CLANG_WARN_ENUM_CONVERSION = YES;
				CLANG_WARN_INFINITE_RECURSION = YES;
				CLANG_WARN_INT_CONVERSION = YES;
				CLANG_WARN_NON_LITERAL_NULL_CONVERSION = YES;
				CLANG_WARN_OBJC_LITERAL_CONVERSION = YES;
				CLANG_WARN_OBJC_ROOT_CLASS = YES_ERROR;
				CLANG_WARN_RANGE_LOOP_ANALYSIS = YES;
				CLANG_WARN_STRICT_PROTOTYPES = YES;
				CLANG_WARN_SUSPICIOUS_MOVE = YES;
				CLANG_WARN_UNGUARDED_AVAILABILITY = YES_AGGRESSIVE;
				CLANG_WARN_UNREACHABLE_CODE = YES;
				CLANG_WARN__DUPLICATE_METHOD_MATCH = YES;
				CODE_SIGN_IDENTITY = "iPhone Developer";
				COPY_PHASE_STRIP = NO;
				DEBUG_INFORMATION_FORMAT = dwarf;
				ENABLE_STRICT_OBJC_MSGSEND = YES;
				ENABLE_TESTABILITY = YES;
				GCC_C_LANGUAGE_STANDARD = gnu11;
				GCC_DYNAMIC_NO_PIC = NO;
				GCC_NO_COMMON_BLOCKS = YES;
				GCC_OPTIMIZATION_LEVEL = 0;
				GCC_PREPROCESSOR_DEFINITIONS = (
					"DEBUG=1",
					"$(inherited)",
				);
				GCC_WARN_64_TO_32_BIT_CONVERSION = YES;
				GCC_WARN_ABOUT_RETURN_TYPE = YES_ERROR;
				GCC_WARN_UNDECLARED_SELECTOR = YES;
				GCC_WARN_UNINITIALIZED_AUTOS = YES_AGGRESSIVE;
				GCC_WARN_UNUSED_FUNCTION = YES;
				GCC_WARN_UNUSED_VARIABLE = YES;
				IPHONEOS_DEPLOYMENT_TARGET = 11.1;
				MTL_ENABLE_DEBUG_INFO = YES;
				ONLY_ACTIVE_ARCH = YES;
				OTHER_CFLAGS = "";
				SDKROOT = iphoneos;
				SWIFT_ACTIVE_COMPILATION_CONDITIONS = DEBUG;
				SWIFT_OBJC_BRIDGING_HEADER = "Duuly-Bridging-Header.h";
				SWIFT_OPTIMIZATION_LEVEL = "-Onone";
			};
			name = Debug;
		};
		E226F6241FCCB9E8008C0C19 /* Release */ = {
			isa = XCBuildConfiguration;
			buildSettings = {
				ALWAYS_SEARCH_USER_PATHS = NO;
				CLANG_ANALYZER_NONNULL = YES;
				CLANG_ANALYZER_NUMBER_OBJECT_CONVERSION = YES_AGGRESSIVE;
				CLANG_CXX_LANGUAGE_STANDARD = "gnu++14";
				CLANG_CXX_LIBRARY = "libc++";
				CLANG_ENABLE_MODULES = YES;
				CLANG_ENABLE_OBJC_ARC = YES;
				CLANG_WARN_BLOCK_CAPTURE_AUTORELEASING = YES;
				CLANG_WARN_BOOL_CONVERSION = YES;
				CLANG_WARN_COMMA = YES;
				CLANG_WARN_CONSTANT_CONVERSION = YES;
				CLANG_WARN_DIRECT_OBJC_ISA_USAGE = YES_ERROR;
				CLANG_WARN_DOCUMENTATION_COMMENTS = YES;
				CLANG_WARN_EMPTY_BODY = YES;
				CLANG_WARN_ENUM_CONVERSION = YES;
				CLANG_WARN_INFINITE_RECURSION = YES;
				CLANG_WARN_INT_CONVERSION = YES;
				CLANG_WARN_NON_LITERAL_NULL_CONVERSION = YES;
				CLANG_WARN_OBJC_LITERAL_CONVERSION = YES;
				CLANG_WARN_OBJC_ROOT_CLASS = YES_ERROR;
				CLANG_WARN_RANGE_LOOP_ANALYSIS = YES;
				CLANG_WARN_STRICT_PROTOTYPES = YES;
				CLANG_WARN_SUSPICIOUS_MOVE = YES;
				CLANG_WARN_UNGUARDED_AVAILABILITY = YES_AGGRESSIVE;
				CLANG_WARN_UNREACHABLE_CODE = YES;
				CLANG_WARN__DUPLICATE_METHOD_MATCH = YES;
				CODE_SIGN_IDENTITY = "iPhone Developer";
				COPY_PHASE_STRIP = NO;
				DEBUG_INFORMATION_FORMAT = "dwarf-with-dsym";
				ENABLE_NS_ASSERTIONS = NO;
				ENABLE_STRICT_OBJC_MSGSEND = YES;
				GCC_C_LANGUAGE_STANDARD = gnu11;
				GCC_NO_COMMON_BLOCKS = YES;
				GCC_WARN_64_TO_32_BIT_CONVERSION = YES;
				GCC_WARN_ABOUT_RETURN_TYPE = YES_ERROR;
				GCC_WARN_UNDECLARED_SELECTOR = YES;
				GCC_WARN_UNINITIALIZED_AUTOS = YES_AGGRESSIVE;
				GCC_WARN_UNUSED_FUNCTION = YES;
				GCC_WARN_UNUSED_VARIABLE = YES;
				IPHONEOS_DEPLOYMENT_TARGET = 11.1;
				MTL_ENABLE_DEBUG_INFO = NO;
				OTHER_CFLAGS = "";
				SDKROOT = iphoneos;
				SWIFT_OBJC_BRIDGING_HEADER = "Duuly-Bridging-Header.h";
				SWIFT_OPTIMIZATION_LEVEL = "-Owholemodule";
				VALIDATE_PRODUCT = YES;
			};
			name = Release;
		};
		E226F6261FCCB9E8008C0C19 /* Debug */ = {
			isa = XCBuildConfiguration;
			baseConfigurationReference = FC6DE012AACA4154B926948F /* Pods-Duuly.debug.xcconfig */;
			buildSettings = {
				ASSETCATALOG_COMPILER_APPICON_NAME = AppIcon;
				CODE_SIGN_ENTITLEMENTS = Duuly/Duuly.entitlements;
				CODE_SIGN_STYLE = Automatic;
				DEVELOPMENT_TEAM = TYHZ5K5JFC;
				INFOPLIST_FILE = Duuly/Info.plist;
				IPHONEOS_DEPLOYMENT_TARGET = 10.0;
				LD_RUNPATH_SEARCH_PATHS = "$(inherited) @executable_path/Frameworks";
				PRODUCT_BUNDLE_IDENTIFIER = com.mobillopertechs.duuly;
				PRODUCT_NAME = "$(TARGET_NAME)";
				SWIFT_OBJC_BRIDGING_HEADER = "Duuly-Bridging-Header.h";
				SWIFT_VERSION = 4.0;
				TARGETED_DEVICE_FAMILY = 1;
			};
			name = Debug;
		};
		E226F6271FCCB9E8008C0C19 /* Release */ = {
			isa = XCBuildConfiguration;
			baseConfigurationReference = DCB89BB7F46DC3E82AA3A086 /* Pods-Duuly.release.xcconfig */;
			buildSettings = {
				ASSETCATALOG_COMPILER_APPICON_NAME = AppIcon;
				CODE_SIGN_ENTITLEMENTS = Duuly/Duuly.entitlements;
				CODE_SIGN_STYLE = Automatic;
				DEVELOPMENT_TEAM = TYHZ5K5JFC;
				INFOPLIST_FILE = Duuly/Info.plist;
				IPHONEOS_DEPLOYMENT_TARGET = 10.0;
				LD_RUNPATH_SEARCH_PATHS = "$(inherited) @executable_path/Frameworks";
				PRODUCT_BUNDLE_IDENTIFIER = com.mobillopertechs.duuly;
				PRODUCT_NAME = "$(TARGET_NAME)";
				SWIFT_OBJC_BRIDGING_HEADER = "Duuly-Bridging-Header.h";
				SWIFT_VERSION = 4.0;
				TARGETED_DEVICE_FAMILY = 1;
			};
			name = Release;
		};
/* End XCBuildConfiguration section */

/* Begin XCConfigurationList section */
		E226F60C1FCCB9E8008C0C19 /* Build configuration list for PBXProject "Duuly" */ = {
			isa = XCConfigurationList;
			buildConfigurations = (
				E226F6231FCCB9E8008C0C19 /* Debug */,
				E226F6241FCCB9E8008C0C19 /* Release */,
			);
			defaultConfigurationIsVisible = 0;
			defaultConfigurationName = Release;
		};
		E226F6251FCCB9E8008C0C19 /* Build configuration list for PBXNativeTarget "Duuly" */ = {
			isa = XCConfigurationList;
			buildConfigurations = (
				E226F6261FCCB9E8008C0C19 /* Debug */,
				E226F6271FCCB9E8008C0C19 /* Release */,
			);
			defaultConfigurationIsVisible = 0;
			defaultConfigurationName = Release;
		};
/* End XCConfigurationList section */
	};
	rootObject = E226F6091FCCB9E8008C0C19 /* Project object */;
}
